
Microsoft Visual Studio Solution File, Format Version 12.00
# Visual Studio Version 16
VisualStudioVersion = 16.0.30717.126
MinimumVisualStudioVersion = 10.0.40219.1
Project("{FAE04EC0-301F-11D3-BF4B-00C04F79EFBC}") = "heinousHorror", "heinousHorror.csproj", "{CDF04A0D-A6A5-40F1-A62A-877C52E4D8B3}"
EndProject
Global
	GlobalSection(SolutionConfigurationPlatforms) = preSolution
		Debug|Any CPU = Debug|Any CPU
		Release|Any CPU = Release|Any CPU
	EndGlobalSection
	GlobalSection(ProjectConfigurationPlatforms) = postSolution
		{CDF04A0D-A6A5-40F1-A62A-877C52E4D8B3}.Debug|Any CPU.ActiveCfg = Debug|Any CPU
		{CDF04A0D-A6A5-40F1-A62A-877C52E4D8B3}.Debug|Any CPU.Build.0 = Debug|Any CPU
		{CDF04A0D-A6A5-40F1-A62A-877C52E4D8B3}.Release|Any CPU.ActiveCfg = Release|Any CPU
		{CDF04A0D-A6A5-40F1-A62A-877C52E4D8B3}.Release|Any CPU.Build.0 = Release|Any CPU
	EndGlobalSection
	GlobalSection(SolutionProperties) = preSolution
		HideSolutionNode = FALSE
	EndGlobalSection
	GlobalSection(ExtensibilityGlobals) = postSolution
		SolutionGuid = {F2F602EC-822A-4B34-8A3E-17EB5D72007B}
	EndGlobalSection
EndGlobal
